
Microsoft Visual Studio Solution File, Format Version 12.00
# Visual Studio Version 17
VisualStudioVersion = 17.1.32210.238
MinimumVisualStudioVersion = 10.0.40219.1
Project("{FAE04EC0-301F-11D3-BF4B-00C04F79EFBC}") = "Flayer5", "Flayer5\Flayer5.csproj", "{14ED00C7-B748-4E60-A2CB-B63B0A3707E8}"
EndProject
Global
	GlobalSection(SolutionConfigurationPlatforms) = preSolution
		Debug|Any CPU = Debug|Any CPU
		Release|Any CPU = Release|Any CPU
	EndGlobalSection
	GlobalSection(ProjectConfigurationPlatforms) = postSolution
		{14ED00C7-B748-4E60-A2CB-B63B0A3707E8}.Debug|Any CPU.ActiveCfg = Debug|Any CPU
		{14ED00C7-B748-4E60-A2CB-B63B0A3707E8}.Debug|Any CPU.Build.0 = Debug|Any CPU
		{14ED00C7-B748-4E60-A2CB-B63B0A3707E8}.Release|Any CPU.ActiveCfg = Release|Any CPU
		{14ED00C7-B748-4E60-A2CB-B63B0A3707E8}.Release|Any CPU.Build.0 = Release|Any CPU
	EndGlobalSection
	GlobalSection(SolutionProperties) = preSolution
		HideSolutionNode = FALSE
	EndGlobalSection
	GlobalSection(ExtensibilityGlobals) = postSolution
		SolutionGuid = {B87D2584-7092-4604-AC20-99D01060A9E6}
	EndGlobalSection
EndGlobal
